
Microsoft Visual Studio Solution File, Format Version 12.00
# Visual Studio Version 16
VisualStudioVersion = 16.0.28922.388
MinimumVisualStudioVersion = 10.0.40219.1
Project("{FAE04EC0-301F-11D3-BF4B-00C04F79EFBC}") = "kNN", "kNN\kNN.csproj", "{2F54D22B-2801-461C-BA10-BF4AF9054E68}"
EndProject
Project("{FAE04EC0-301F-11D3-BF4B-00C04F79EFBC}") = "UnitTestProject1", "UnitTestProject1\UnitTestProject1.csproj", "{F027DB7C-EBDC-47B9-ACCD-E476E64C7708}"
EndProject
Global
	GlobalSection(SolutionConfigurationPlatforms) = preSolution
		Debug|Any CPU = Debug|Any CPU
		Release|Any CPU = Release|Any CPU
	EndGlobalSection
	GlobalSection(ProjectConfigurationPlatforms) = postSolution
		{2F54D22B-2801-461C-BA10-BF4AF9054E68}.Debug|Any CPU.ActiveCfg = Debug|Any CPU
		{2F54D22B-2801-461C-BA10-BF4AF9054E68}.Debug|Any CPU.Build.0 = Debug|Any CPU
		{2F54D22B-2801-461C-BA10-BF4AF9054E68}.Release|Any CPU.ActiveCfg = Release|Any CPU
		{2F54D22B-2801-461C-BA10-BF4AF9054E68}.Release|Any CPU.Build.0 = Release|Any CPU
		{F027DB7C-EBDC-47B9-ACCD-E476E64C7708}.Debug|Any CPU.ActiveCfg = Debug|Any CPU
		{F027DB7C-EBDC-47B9-ACCD-E476E64C7708}.Debug|Any CPU.Build.0 = Debug|Any CPU
		{F027DB7C-EBDC-47B9-ACCD-E476E64C7708}.Release|Any CPU.ActiveCfg = Release|Any CPU
		{F027DB7C-EBDC-47B9-ACCD-E476E64C7708}.Release|Any CPU.Build.0 = Release|Any CPU
	EndGlobalSection
	GlobalSection(SolutionProperties) = preSolution
		HideSolutionNode = FALSE
	EndGlobalSection
	GlobalSection(ExtensibilityGlobals) = postSolution
		SolutionGuid = {BF7CF8E5-BEAD-43D2-A43B-2EE110A934D6}
	EndGlobalSection
EndGlobal
